
Microsoft Visual Studio Solution File, Format Version 12.00
# Visual Studio 2012
Project("{FAE04EC0-301F-11D3-BF4B-00C04F79EFBC}") = "JR.Libs.Lucene", "JR.Libs.Lucene\JR.Libs.Lucene.csproj", "{FC59314A-EE0E-47E2-8F8E-C9FF24E17129}"
EndProject
Project("{FAE04EC0-301F-11D3-BF4B-00C04F79EFBC}") = "JR.Libs.Lucene.Test", "JR.Libs.Lucene.Test\JR.Libs.Lucene.Test.csproj", "{6C14836E-EF68-4FF7-8D41-E2789108706B}"
EndProject
Global
	GlobalSection(SolutionConfigurationPlatforms) = preSolution
		Debug|Any CPU = Debug|Any CPU
		Release|Any CPU = Release|Any CPU
	EndGlobalSection
	GlobalSection(ProjectConfigurationPlatforms) = postSolution
		{FC59314A-EE0E-47E2-8F8E-C9FF24E17129}.Debug|Any CPU.ActiveCfg = Debug|Any CPU
		{FC59314A-EE0E-47E2-8F8E-C9FF24E17129}.Debug|Any CPU.Build.0 = Debug|Any CPU
		{FC59314A-EE0E-47E2-8F8E-C9FF24E17129}.Release|Any CPU.ActiveCfg = Release|Any CPU
		{FC59314A-EE0E-47E2-8F8E-C9FF24E17129}.Release|Any CPU.Build.0 = Release|Any CPU
		{6C14836E-EF68-4FF7-8D41-E2789108706B}.Debug|Any CPU.ActiveCfg = Debug|Any CPU
		{6C14836E-EF68-4FF7-8D41-E2789108706B}.Debug|Any CPU.Build.0 = Debug|Any CPU
		{6C14836E-EF68-4FF7-8D41-E2789108706B}.Release|Any CPU.ActiveCfg = Release|Any CPU
		{6C14836E-EF68-4FF7-8D41-E2789108706B}.Release|Any CPU.Build.0 = Release|Any CPU
	EndGlobalSection
	GlobalSection(SolutionProperties) = preSolution
		HideSolutionNode = FALSE
	EndGlobalSection
EndGlobal
